
Microsoft Visual Studio Solution File, Format Version 12.00
# Visual Studio Version 16
VisualStudioVersion = 16.0.32630.194
MinimumVisualStudioVersion = 10.0.40219.1
Project("{FAE04EC0-301F-11D3-BF4B-00C04F79EFBC}") = "BlackJack", "BlackJack\BlackJack.csproj", "{403CFFD4-18D0-49AA-89D9-A81468BF122B}"
EndProject
Global
	GlobalSection(SolutionConfigurationPlatforms) = preSolution
		Debug|Any CPU = Debug|Any CPU
		Release|Any CPU = Release|Any CPU
	EndGlobalSection
	GlobalSection(ProjectConfigurationPlatforms) = postSolution
		{403CFFD4-18D0-49AA-89D9-A81468BF122B}.Debug|Any CPU.ActiveCfg = Debug|Any CPU
		{403CFFD4-18D0-49AA-89D9-A81468BF122B}.Debug|Any CPU.Build.0 = Debug|Any CPU
		{403CFFD4-18D0-49AA-89D9-A81468BF122B}.Release|Any CPU.ActiveCfg = Release|Any CPU
		{403CFFD4-18D0-49AA-89D9-A81468BF122B}.Release|Any CPU.Build.0 = Release|Any CPU
	EndGlobalSection
	GlobalSection(SolutionProperties) = preSolution
		HideSolutionNode = FALSE
	EndGlobalSection
	GlobalSection(ExtensibilityGlobals) = postSolution
		SolutionGuid = {E2B84313-ED0D-4963-A607-711046D3B1E7}
	EndGlobalSection
EndGlobal
